// !$*UTF8*$!
{
	archiveVersion = 1;
	classes = {
	};
	objectVersion = 77;
	objects = {

/* Begin PBXAggregateTarget section */
		E53D9502C2914A828E30CC17 /* msak-shared-xcframework */ = {
			isa = PBXAggregateTarget;
			buildConfigurationList = E2E3EB6F4B584064B5095288 /* Build configuration list for PBXAggregateTarget "msak-shared-xcframework" */;
			buildPhases = (
				1F70C0E62E671F6400A7FC72 /* Compile Kotlin Framework */,
			);
			dependencies = (
			);
			name = "msak-shared-xcframework";
			productName = "msak-shared-xcframework";
		};
/* End PBXAggregateTarget section */

/* Begin PBXBuildFile section */
		1F4AC3442E6A2A8400980EE9 /* MsakShared.xcframework in Frameworks */ = {isa = PBXBuildFile; fileRef = 1F4AC3432E6A2A8400980EE9 /* MsakShared.xcframework */; };
/* End PBXBuildFile section */

/* Begin PBXContainerItemProxy section */
		1F70C0CA2E671A5200A7FC72 /* PBXContainerItemProxy */ = {
			isa = PBXContainerItemProxy;
			containerPortal = 1F70C0B32E671A5000A7FC72 /* Project object */;
			proxyType = 1;
			remoteGlobalIDString = 1F70C0BA2E671A5000A7FC72;
			remoteInfo = "msak-ios-tester";
		};
		1F70C0D42E671A5200A7FC72 /* PBXContainerItemProxy */ = {
			isa = PBXContainerItemProxy;
			containerPortal = 1F70C0B32E671A5000A7FC72 /* Project object */;
			proxyType = 1;
			remoteGlobalIDString = 1F70C0BA2E671A5000A7FC72;
			remoteInfo = "msak-ios-tester";
		};
		C58E372A30DE4F97ADFC5386 /* PBXContainerItemProxy */ = {
			isa = PBXContainerItemProxy;
			containerPortal = 1F70C0B32E671A5000A7FC72 /* Project object */;
			proxyType = 1;
			remoteGlobalIDString = E53D9502C2914A828E30CC17;
			remoteInfo = "msak-shared-xcframework";
		};
/* End PBXContainerItemProxy section */

/* Begin PBXFileReference section */
		1F4AC3432E6A2A8400980EE9 /* MsakShared.xcframework */ = {isa = PBXFileReference; lastKnownFileType = wrapper.xcframework; name = MsakShared.xcframework; path = "../msak-shared/build/XCFrameworks/Debug/MsakShared.xcframework"; sourceTree = SOURCE_ROOT; };
		1F70C0BB2E671A5000A7FC72 /* msak-ios-tester.app */ = {isa = PBXFileReference; explicitFileType = wrapper.application; includeInIndex = 0; path = "msak-ios-tester.app"; sourceTree = BUILT_PRODUCTS_DIR; };
		1F70C0C92E671A5200A7FC72 /* msak-ios-testerTests.xctest */ = {isa = PBXFileReference; explicitFileType = wrapper.cfbundle; includeInIndex = 0; path = "msak-ios-testerTests.xctest"; sourceTree = BUILT_PRODUCTS_DIR; };
		1F70C0D32E671A5200A7FC72 /* msak-ios-testerUITests.xctest */ = {isa = PBXFileReference; explicitFileType = wrapper.cfbundle; includeInIndex = 0; path = "msak-ios-testerUITests.xctest"; sourceTree = BUILT_PRODUCTS_DIR; };
/* End PBXFileReference section */

/* Begin PBXFileSystemSynchronizedBuildFileExceptionSet section */
		1F11BB0A2E7A216600139864 /* Exceptions for "msak-ios-tester" folder in "msak-ios-tester" target */ = {
			isa = PBXFileSystemSynchronizedBuildFileExceptionSet;
			membershipExceptions = (
				Info.plist,
			);
			target = 1F70C0BA2E671A5000A7FC72 /* msak-ios-tester */;
		};
/* End PBXFileSystemSynchronizedBuildFileExceptionSet section */

/* Begin PBXFileSystemSynchronizedRootGroup section */
		1F70C0BD2E671A5000A7FC72 /* msak-ios-tester */ = {
			isa = PBXFileSystemSynchronizedRootGroup;
			exceptions = (
				1F11BB0A2E7A216600139864 /* Exceptions for "msak-ios-tester" folder in "msak-ios-tester" target */,
			);
			path = "msak-ios-tester";
			sourceTree = "<group>";
		};
		1F70C0CC2E671A5200A7FC72 /* msak-ios-testerTests */ = {
			isa = PBXFileSystemSynchronizedRootGroup;
			path = "msak-ios-testerTests";
			sourceTree = "<group>";
		};
		1F70C0D62E671A5200A7FC72 /* msak-ios-testerUITests */ = {
			isa = PBXFileSystemSynchronizedRootGroup;
			path = "msak-ios-testerUITests";
			sourceTree = "<group>";
		};
/* End PBXFileSystemSynchronizedRootGroup section */

/* Begin PBXFrameworksBuildPhase section */
		1F70C0B82E671A5000A7FC72 /* Frameworks */ = {
			isa = PBXFrameworksBuildPhase;
			buildActionMask = 2147483647;
			files = (
				1F4AC3442E6A2A8400980EE9 /* MsakShared.xcframework in Frameworks */,
			);
			runOnlyForDeploymentPostprocessing = 0;
		};
		1F70C0C62E671A5200A7FC72 /* Frameworks */ = {
			isa = PBXFrameworksBuildPhase;
			buildActionMask = 2147483647;
			files = (
			);
			runOnlyForDeploymentPostprocessing = 0;
		};
		1F70C0D02E671A5200A7FC72 /* Frameworks */ = {
			isa = PBXFrameworksBuildPhase;
			buildActionMask = 2147483647;
			files = (
			);
			runOnlyForDeploymentPostprocessing = 0;
		};
/* End PBXFrameworksBuildPhase section */

/* Begin PBXGroup section */
		1F70C0B22E671A5000A7FC72 = {
			isa = PBXGroup;
			children = (
				1F4AC3432E6A2A8400980EE9 /* MsakShared.xcframework */,
				1F70C0BD2E671A5000A7FC72 /* msak-ios-tester */,
				1F70C0CC2E671A5200A7FC72 /* msak-ios-testerTests */,
				1F70C0D62E671A5200A7FC72 /* msak-ios-testerUITests */,
				1F70C0BC2E671A5000A7FC72 /* Products */,
			);
			sourceTree = "<group>";
		};
		1F70C0BC2E671A5000A7FC72 /* Products */ = {
			isa = PBXGroup;
			children = (
				1F70C0BB2E671A5000A7FC72 /* msak-ios-tester.app */,
				1F70C0C92E671A5200A7FC72 /* msak-ios-testerTests.xctest */,
				1F70C0D32E671A5200A7FC72 /* msak-ios-testerUITests.xctest */,
			);
			name = Products;
			sourceTree = "<group>";
		};
/* End PBXGroup section */

/* Begin PBXNativeTarget section */
		1F70C0BA2E671A5000A7FC72 /* msak-ios-tester */ = {
			isa = PBXNativeTarget;
			buildConfigurationList = 1F70C0DD2E671A5200A7FC72 /* Build configuration list for PBXNativeTarget "msak-ios-tester" */;
			buildPhases = (
				1F70C0B72E671A5000A7FC72 /* Sources */,
				1F70C0B82E671A5000A7FC72 /* Frameworks */,
				1F70C0B92E671A5000A7FC72 /* Resources */,
			);
			buildRules = (
			);
			dependencies = (
				E162B06DC2AC4FB08C28DA19 /* PBXTargetDependency */,
			);
			fileSystemSynchronizedGroups = (
				1F70C0BD2E671A5000A7FC72 /* msak-ios-tester */,
			);
			name = "msak-ios-tester";
			packageProductDependencies = (
			);
			productName = "msak-ios-tester";
			productReference = 1F70C0BB2E671A5000A7FC72 /* msak-ios-tester.app */;
			productType = "com.apple.product-type.application";
		};
		1F70C0C82E671A5200A7FC72 /* msak-ios-testerTests */ = {
			isa = PBXNativeTarget;
			buildConfigurationList = 1F70C0E02E671A5200A7FC72 /* Build configuration list for PBXNativeTarget "msak-ios-testerTests" */;
			buildPhases = (
				1F70C0C52E671A5200A7FC72 /* Sources */,
				1F70C0C62E671A5200A7FC72 /* Frameworks */,
				1F70C0C72E671A5200A7FC72 /* Resources */,
			);
			buildRules = (
			);
			dependencies = (
				1F70C0CB2E671A5200A7FC72 /* PBXTargetDependency */,
			);
			fileSystemSynchronizedGroups = (
				1F70C0CC2E671A5200A7FC72 /* msak-ios-testerTests */,
			);
			name = "msak-ios-testerTests";
			packageProductDependencies = (
			);
			productName = "msak-ios-testerTests";
			productReference = 1F70C0C92E671A5200A7FC72 /* msak-ios-testerTests.xctest */;
			productType = "com.apple.product-type.bundle.unit-test";
		};
		1F70C0D22E671A5200A7FC72 /* msak-ios-testerUITests */ = {
			isa = PBXNativeTarget;
			buildConfigurationList = 1F70C0E32E671A5200A7FC72 /* Build configuration list for PBXNativeTarget "msak-ios-testerUITests" */;
			buildPhases = (
				1F70C0CF2E671A5200A7FC72 /* Sources */,
				1F70C0D02E671A5200A7FC72 /* Frameworks */,
				1F70C0D12E671A5200A7FC72 /* Resources */,
			);
			buildRules = (
			);
			dependencies = (
				1F70C0D52E671A5200A7FC72 /* PBXTargetDependency */,
			);
			fileSystemSynchronizedGroups = (
				1F70C0D62E671A5200A7FC72 /* msak-ios-testerUITests */,
			);
			name = "msak-ios-testerUITests";
			packageProductDependencies = (
			);
			productName = "msak-ios-testerUITests";
			productReference = 1F70C0D32E671A5200A7FC72 /* msak-ios-testerUITests.xctest */;
			productType = "com.apple.product-type.bundle.ui-testing";
		};
/* End PBXNativeTarget section */

/* Begin PBXProject section */
		1F70C0B32E671A5000A7FC72 /* Project object */ = {
			isa = PBXProject;
			attributes = {
				BuildIndependentTargetsInParallel = 1;
				LastSwiftUpdateCheck = 1640;
				LastUpgradeCheck = 1640;
				TargetAttributes = {
				E53D9502C2914A828E30CC17 = {
					CreatedOnToolsVersion = 16.4;
				};
					1F70C0BA2E671A5000A7FC72 = {
						CreatedOnToolsVersion = 16.4;
					};
					1F70C0C82E671A5200A7FC72 = {
						CreatedOnToolsVersion = 16.4;
						TestTargetID = 1F70C0BA2E671A5000A7FC72;
					};
					1F70C0D22E671A5200A7FC72 = {
						CreatedOnToolsVersion = 16.4;
						TestTargetID = 1F70C0BA2E671A5000A7FC72;
					};
				};
			};
			buildConfigurationList = 1F70C0B62E671A5000A7FC72 /* Build configuration list for PBXProject "msak-ios-tester" */;
			developmentRegion = en;
			hasScannedForEncodings = 0;
			knownRegions = (
				en,
				Base,
			);
			mainGroup = 1F70C0B22E671A5000A7FC72;
			minimizedProjectReferenceProxies = 1;
			preferredProjectObjectVersion = 77;
			productRefGroup = 1F70C0BC2E671A5000A7FC72 /* Products */;
			projectDirPath = "";
			projectRoot = "";
			targets = (
				E53D9502C2914A828E30CC17 /* msak-shared-xcframework */,
				1F70C0BA2E671A5000A7FC72 /* msak-ios-tester */,
				1F70C0C82E671A5200A7FC72 /* msak-ios-testerTests */,
				1F70C0D22E671A5200A7FC72 /* msak-ios-testerUITests */,
			);
		};
/* End PBXProject section */

/* Begin PBXResourcesBuildPhase section */
		1F70C0B92E671A5000A7FC72 /* Resources */ = {
			isa = PBXResourcesBuildPhase;
			buildActionMask = 2147483647;
			files = (
			);
			runOnlyForDeploymentPostprocessing = 0;
		};
		1F70C0C72E671A5200A7FC72 /* Resources */ = {
			isa = PBXResourcesBuildPhase;
			buildActionMask = 2147483647;
			files = (
			);
			runOnlyForDeploymentPostprocessing = 0;
		};
		1F70C0D12E671A5200A7FC72 /* Resources */ = {
			isa = PBXResourcesBuildPhase;
			buildActionMask = 2147483647;
			files = (
			);
			runOnlyForDeploymentPostprocessing = 0;
		};
/* End PBXResourcesBuildPhase section */

/* Begin PBXShellScriptBuildPhase section */
		1F70C0E62E671F6400A7FC72 /* Compile Kotlin Framework */ = {
			isa = PBXShellScriptBuildPhase;
			buildActionMask = 2147483647;
			files = (
			);
			inputFileListPaths = (
			);
			inputPaths = (
			);
			name = "Compile Kotlin Framework";
			outputFileListPaths = (
			);
			outputPaths = (
				"$(SRCROOT)/../msak-shared/build/XCFrameworks/Debug/MsakShared.xcframework",
			);
			runOnlyForDeploymentPostprocessing = 0;
			shellPath = /bin/sh;
			shellScript = "$SRCROOT/scripts/compile-kotlin-framework.sh\n";
		};
/* End PBXShellScriptBuildPhase section */

/* Begin PBXSourcesBuildPhase section */
		1F70C0B72E671A5000A7FC72 /* Sources */ = {
			isa = PBXSourcesBuildPhase;
			buildActionMask = 2147483647;
			files = (
			);
			runOnlyForDeploymentPostprocessing = 0;
		};
		1F70C0C52E671A5200A7FC72 /* Sources */ = {
			isa = PBXSourcesBuildPhase;
			buildActionMask = 2147483647;
			files = (
			);
			runOnlyForDeploymentPostprocessing = 0;
		};
		1F70C0CF2E671A5200A7FC72 /* Sources */ = {
			isa = PBXSourcesBuildPhase;
			buildActionMask = 2147483647;
			files = (
			);
			runOnlyForDeploymentPostprocessing = 0;
		};
/* End PBXSourcesBuildPhase section */

/* Begin PBXTargetDependency section */
		1F70C0CB2E671A5200A7FC72 /* PBXTargetDependency */ = {
			isa = PBXTargetDependency;
			target = 1F70C0BA2E671A5000A7FC72 /* msak-ios-tester */;
			targetProxy = 1F70C0CA2E671A5200A7FC72 /* PBXContainerItemProxy */;
		};
		1F70C0D52E671A5200A7FC72 /* PBXTargetDependency */ = {
			isa = PBXTargetDependency;
			target = 1F70C0BA2E671A5000A7FC72 /* msak-ios-tester */;
			targetProxy = 1F70C0D42E671A5200A7FC72 /* PBXContainerItemProxy */;
		};
		E162B06DC2AC4FB08C28DA19 /* PBXTargetDependency */ = {
			isa = PBXTargetDependency;
			target = E53D9502C2914A828E30CC17 /* msak-shared-xcframework */;
			targetProxy = C58E372A30DE4F97ADFC5386 /* PBXContainerItemProxy */;
		};
/* End PBXTargetDependency section */

/* Begin XCBuildConfiguration section */
		1F70C0DB2E671A5200A7FC72 /* Debug */ = {
			isa = XCBuildConfiguration;
			buildSettings = {
				ALWAYS_SEARCH_USER_PATHS = NO;
				ASSETCATALOG_COMPILER_GENERATE_SWIFT_ASSET_SYMBOL_EXTENSIONS = YES;
				CLANG_ANALYZER_NONNULL = YES;
				CLANG_ANALYZER_NUMBER_OBJECT_CONVERSION = YES_AGGRESSIVE;
				CLANG_CXX_LANGUAGE_STANDARD = "gnu++20";
				CLANG_ENABLE_MODULES = YES;
				CLANG_ENABLE_OBJC_ARC = YES;
				CLANG_ENABLE_OBJC_WEAK = YES;
				CLANG_WARN_BLOCK_CAPTURE_AUTORELEASING = YES;
				CLANG_WARN_BOOL_CONVERSION = YES;
				CLANG_WARN_COMMA = YES;
				CLANG_WARN_CONSTANT_CONVERSION = YES;
				CLANG_WARN_DEPRECATED_OBJC_IMPLEMENTATIONS = YES;
				CLANG_WARN_DIRECT_OBJC_ISA_USAGE = YES_ERROR;
				CLANG_WARN_DOCUMENTATION_COMMENTS = YES;
				CLANG_WARN_EMPTY_BODY = YES;
				CLANG_WARN_ENUM_CONVERSION = YES;
				CLANG_WARN_INFINITE_RECURSION = YES;
				CLANG_WARN_INT_CONVERSION = YES;
				CLANG_WARN_NON_LITERAL_NULL_CONVERSION = YES;
				CLANG_WARN_OBJC_IMPLICIT_RETAIN_SELF = YES;
				CLANG_WARN_OBJC_LITERAL_CONVERSION = YES;
				CLANG_WARN_OBJC_ROOT_CLASS = YES_ERROR;
				CLANG_WARN_QUOTED_INCLUDE_IN_FRAMEWORK_HEADER = YES;
				CLANG_WARN_RANGE_LOOP_ANALYSIS = YES;
				CLANG_WARN_STRICT_PROTOTYPES = YES;
				CLANG_WARN_SUSPICIOUS_MOVE = YES;
				CLANG_WARN_UNGUARDED_AVAILABILITY = YES_AGGRESSIVE;
				CLANG_WARN_UNREACHABLE_CODE = YES;
				CLANG_WARN__DUPLICATE_METHOD_MATCH = YES;
				COPY_PHASE_STRIP = NO;
				DEBUG_INFORMATION_FORMAT = dwarf;
				ENABLE_STRICT_OBJC_MSGSEND = YES;
				ENABLE_TESTABILITY = YES;
				ENABLE_USER_SCRIPT_SANDBOXING = NO;
				GCC_C_LANGUAGE_STANDARD = gnu17;
				GCC_DYNAMIC_NO_PIC = NO;
				GCC_NO_COMMON_BLOCKS = YES;
				GCC_OPTIMIZATION_LEVEL = 0;
				GCC_PREPROCESSOR_DEFINITIONS = (
					"DEBUG=1",
					"$(inherited)",
				);
				GCC_WARN_64_TO_32_BIT_CONVERSION = YES;
				GCC_WARN_ABOUT_RETURN_TYPE = YES_ERROR;
				GCC_WARN_UNDECLARED_SELECTOR = YES;
				GCC_WARN_UNINITIALIZED_AUTOS = YES_AGGRESSIVE;
				GCC_WARN_UNUSED_FUNCTION = YES;
				GCC_WARN_UNUSED_VARIABLE = YES;
				LOCALIZATION_PREFERS_STRING_CATALOGS = YES;
				MTL_ENABLE_DEBUG_INFO = INCLUDE_SOURCE;
				MTL_FAST_MATH = YES;
				ONLY_ACTIVE_ARCH = YES;
				SWIFT_ACTIVE_COMPILATION_CONDITIONS = "DEBUG $(inherited)";
				SWIFT_OPTIMIZATION_LEVEL = "-Onone";
			};
			name = Debug;
		};
		1F70C0DC2E671A5200A7FC72 /* Release */ = {
			isa = XCBuildConfiguration;
			buildSettings = {
				ALWAYS_SEARCH_USER_PATHS = NO;
				ASSETCATALOG_COMPILER_GENERATE_SWIFT_ASSET_SYMBOL_EXTENSIONS = YES;
				CLANG_ANALYZER_NONNULL = YES;
				CLANG_ANALYZER_NUMBER_OBJECT_CONVERSION = YES_AGGRESSIVE;
				CLANG_CXX_LANGUAGE_STANDARD = "gnu++20";
				CLANG_ENABLE_MODULES = YES;
				CLANG_ENABLE_OBJC_ARC = YES;
				CLANG_ENABLE_OBJC_WEAK = YES;
				CLANG_WARN_BLOCK_CAPTURE_AUTORELEASING = YES;
				CLANG_WARN_BOOL_CONVERSION = YES;
				CLANG_WARN_COMMA = YES;
				CLANG_WARN_CONSTANT_CONVERSION = YES;
				CLANG_WARN_DEPRECATED_OBJC_IMPLEMENTATIONS = YES;
				CLANG_WARN_DIRECT_OBJC_ISA_USAGE = YES_ERROR;
				CLANG_WARN_DOCUMENTATION_COMMENTS = YES;
				CLANG_WARN_EMPTY_BODY = YES;
				CLANG_WARN_ENUM_CONVERSION = YES;
				CLANG_WARN_INFINITE_RECURSION = YES;
				CLANG_WARN_INT_CONVERSION = YES;
				CLANG_WARN_NON_LITERAL_NULL_CONVERSION = YES;
				CLANG_WARN_OBJC_IMPLICIT_RETAIN_SELF = YES;
				CLANG_WARN_OBJC_LITERAL_CONVERSION = YES;
				CLANG_WARN_OBJC_ROOT_CLASS = YES_ERROR;
				CLANG_WARN_QUOTED_INCLUDE_IN_FRAMEWORK_HEADER = YES;
				CLANG_WARN_RANGE_LOOP_ANALYSIS = YES;
				CLANG_WARN_STRICT_PROTOTYPES = YES;
				CLANG_WARN_SUSPICIOUS_MOVE = YES;
				CLANG_WARN_UNGUARDED_AVAILABILITY = YES_AGGRESSIVE;
				CLANG_WARN_UNREACHABLE_CODE = YES;
				CLANG_WARN__DUPLICATE_METHOD_MATCH = YES;
				COPY_PHASE_STRIP = NO;
				DEBUG_INFORMATION_FORMAT = "dwarf-with-dsym";
				ENABLE_NS_ASSERTIONS = NO;
				ENABLE_STRICT_OBJC_MSGSEND = YES;
				ENABLE_USER_SCRIPT_SANDBOXING = NO;
				GCC_C_LANGUAGE_STANDARD = gnu17;
				GCC_NO_COMMON_BLOCKS = YES;
				GCC_WARN_64_TO_32_BIT_CONVERSION = YES;
				GCC_WARN_ABOUT_RETURN_TYPE = YES_ERROR;
				GCC_WARN_UNDECLARED_SELECTOR = YES;
				GCC_WARN_UNINITIALIZED_AUTOS = YES_AGGRESSIVE;
				GCC_WARN_UNUSED_FUNCTION = YES;
				GCC_WARN_UNUSED_VARIABLE = YES;
				LOCALIZATION_PREFERS_STRING_CATALOGS = YES;
				MTL_ENABLE_DEBUG_INFO = NO;
				MTL_FAST_MATH = YES;
				SWIFT_COMPILATION_MODE = wholemodule;
			};
			name = Release;
		};
		1F70C0DE2E671A5200A7FC72 /* Debug */ = {
			isa = XCBuildConfiguration;
			buildSettings = {
				ASSETCATALOG_COMPILER_APPICON_NAME = AppIcon;
				ASSETCATALOG_COMPILER_GLOBAL_ACCENT_COLOR_NAME = AccentColor;
				CODE_SIGN_ENTITLEMENTS = "msak-ios-tester/msak_ios_tester.entitlements";
				CODE_SIGN_STYLE = Automatic;
				CURRENT_PROJECT_VERSION = 1;
				ENABLE_PREVIEWS = YES;
				ENABLE_USER_SCRIPT_SANDBOXING = NO;
				GENERATE_INFOPLIST_FILE = YES;
				INFOPLIST_FILE = "msak-ios-tester/Info.plist";
				INFOPLIST_KEY_LSApplicationCategoryType = "";
				"INFOPLIST_KEY_UIApplicationSceneManifest_Generation[sdk=iphoneos*]" = YES;
				"INFOPLIST_KEY_UIApplicationSceneManifest_Generation[sdk=iphonesimulator*]" = YES;
				"INFOPLIST_KEY_UIApplicationSupportsIndirectInputEvents[sdk=iphoneos*]" = YES;
				"INFOPLIST_KEY_UIApplicationSupportsIndirectInputEvents[sdk=iphonesimulator*]" = YES;
				"INFOPLIST_KEY_UILaunchScreen_Generation[sdk=iphoneos*]" = YES;
				"INFOPLIST_KEY_UILaunchScreen_Generation[sdk=iphonesimulator*]" = YES;
				"INFOPLIST_KEY_UIStatusBarStyle[sdk=iphoneos*]" = UIStatusBarStyleDefault;
				"INFOPLIST_KEY_UIStatusBarStyle[sdk=iphonesimulator*]" = UIStatusBarStyleDefault;
				INFOPLIST_KEY_UISupportedInterfaceOrientations_iPad = "UIInterfaceOrientationPortrait UIInterfaceOrientationPortraitUpsideDown UIInterfaceOrientationLandscapeLeft UIInterfaceOrientationLandscapeRight";
				INFOPLIST_KEY_UISupportedInterfaceOrientations_iPhone = "UIInterfaceOrientationPortrait UIInterfaceOrientationLandscapeLeft UIInterfaceOrientationLandscapeRight";
				IPHONEOS_DEPLOYMENT_TARGET = 18.5;
				LD_RUNPATH_SEARCH_PATHS = "@executable_path/Frameworks";
				"LD_RUNPATH_SEARCH_PATHS[sdk=macosx*]" = "@executable_path/../Frameworks";
				MACOSX_DEPLOYMENT_TARGET = 15.5;
				MARKETING_VERSION = 1.0;
				PRODUCT_BUNDLE_IDENTIFIER = "edu.gatech.cc.msak-ios-tester";
				PRODUCT_NAME = "$(TARGET_NAME)";
				REGISTER_APP_GROUPS = YES;
				SDKROOT = auto;
				SUPPORTED_PLATFORMS = "iphoneos iphonesimulator macosx xros xrsimulator";
				SWIFT_EMIT_LOC_STRINGS = YES;
				SWIFT_VERSION = 5.0;
				TARGETED_DEVICE_FAMILY = "1,2,7";
				XROS_DEPLOYMENT_TARGET = 2.5;
			};
			name = Debug;
		};
		1F70C0DF2E671A5200A7FC72 /* Release */ = {
			isa = XCBuildConfiguration;
			buildSettings = {
				ASSETCATALOG_COMPILER_APPICON_NAME = AppIcon;
				ASSETCATALOG_COMPILER_GLOBAL_ACCENT_COLOR_NAME = AccentColor;
				CODE_SIGN_ENTITLEMENTS = "msak-ios-tester/msak_ios_tester.entitlements";
				CODE_SIGN_STYLE = Automatic;
				CURRENT_PROJECT_VERSION = 1;
				ENABLE_PREVIEWS = YES;
				ENABLE_USER_SCRIPT_SANDBOXING = NO;
				GENERATE_INFOPLIST_FILE = YES;
				INFOPLIST_FILE = "msak-ios-tester/Info.plist";
				INFOPLIST_KEY_LSApplicationCategoryType = "";
				"INFOPLIST_KEY_UIApplicationSceneManifest_Generation[sdk=iphoneos*]" = YES;
				"INFOPLIST_KEY_UIApplicationSceneManifest_Generation[sdk=iphonesimulator*]" = YES;
				"INFOPLIST_KEY_UIApplicationSupportsIndirectInputEvents[sdk=iphoneos*]" = YES;
				"INFOPLIST_KEY_UIApplicationSupportsIndirectInputEvents[sdk=iphonesimulator*]" = YES;
				"INFOPLIST_KEY_UILaunchScreen_Generation[sdk=iphoneos*]" = YES;
				"INFOPLIST_KEY_UILaunchScreen_Generation[sdk=iphonesimulator*]" = YES;
				"INFOPLIST_KEY_UIStatusBarStyle[sdk=iphoneos*]" = UIStatusBarStyleDefault;
				"INFOPLIST_KEY_UIStatusBarStyle[sdk=iphonesimulator*]" = UIStatusBarStyleDefault;
				INFOPLIST_KEY_UISupportedInterfaceOrientations_iPad = "UIInterfaceOrientationPortrait UIInterfaceOrientationPortraitUpsideDown UIInterfaceOrientationLandscapeLeft UIInterfaceOrientationLandscapeRight";
				INFOPLIST_KEY_UISupportedInterfaceOrientations_iPhone = "UIInterfaceOrientationPortrait UIInterfaceOrientationLandscapeLeft UIInterfaceOrientationLandscapeRight";
				IPHONEOS_DEPLOYMENT_TARGET = 18.5;
				LD_RUNPATH_SEARCH_PATHS = "@executable_path/Frameworks";
				"LD_RUNPATH_SEARCH_PATHS[sdk=macosx*]" = "@executable_path/../Frameworks";
				MACOSX_DEPLOYMENT_TARGET = 15.5;
				MARKETING_VERSION = 1.0;
				PRODUCT_BUNDLE_IDENTIFIER = "edu.gatech.cc.msak-ios-tester";
				PRODUCT_NAME = "$(TARGET_NAME)";
				REGISTER_APP_GROUPS = YES;
				SDKROOT = auto;
				SUPPORTED_PLATFORMS = "iphoneos iphonesimulator macosx xros xrsimulator";
				SWIFT_EMIT_LOC_STRINGS = YES;
				SWIFT_VERSION = 5.0;
				TARGETED_DEVICE_FAMILY = "1,2,7";
				XROS_DEPLOYMENT_TARGET = 2.5;
			};
			name = Release;
		};
		1F70C0E12E671A5200A7FC72 /* Debug */ = {
			isa = XCBuildConfiguration;
			buildSettings = {
				BUNDLE_LOADER = "$(TEST_HOST)";
				CODE_SIGN_STYLE = Automatic;
				CURRENT_PROJECT_VERSION = 1;
				GENERATE_INFOPLIST_FILE = YES;
				IPHONEOS_DEPLOYMENT_TARGET = 18.5;
				MACOSX_DEPLOYMENT_TARGET = 15.5;
				MARKETING_VERSION = 1.0;
				PRODUCT_BUNDLE_IDENTIFIER = "edu.gatech.cc.msak-ios-testerTests";
				PRODUCT_NAME = "$(TARGET_NAME)";
				SDKROOT = auto;
				SUPPORTED_PLATFORMS = "iphoneos iphonesimulator macosx xros xrsimulator";
				SWIFT_EMIT_LOC_STRINGS = NO;
				SWIFT_VERSION = 5.0;
				TARGETED_DEVICE_FAMILY = "1,2,7";
				TEST_HOST = "$(BUILT_PRODUCTS_DIR)/msak-ios-tester.app/$(BUNDLE_EXECUTABLE_FOLDER_PATH)/msak-ios-tester";
				XROS_DEPLOYMENT_TARGET = 2.5;
			};
			name = Debug;
		};
		1F70C0E22E671A5200A7FC72 /* Release */ = {
			isa = XCBuildConfiguration;
			buildSettings = {
				BUNDLE_LOADER = "$(TEST_HOST)";
				CODE_SIGN_STYLE = Automatic;
				CURRENT_PROJECT_VERSION = 1;
				GENERATE_INFOPLIST_FILE = YES;
				IPHONEOS_DEPLOYMENT_TARGET = 18.5;
				MACOSX_DEPLOYMENT_TARGET = 15.5;
				MARKETING_VERSION = 1.0;
				PRODUCT_BUNDLE_IDENTIFIER = "edu.gatech.cc.msak-ios-testerTests";
				PRODUCT_NAME = "$(TARGET_NAME)";
				SDKROOT = auto;
				SUPPORTED_PLATFORMS = "iphoneos iphonesimulator macosx xros xrsimulator";
				SWIFT_EMIT_LOC_STRINGS = NO;
				SWIFT_VERSION = 5.0;
				TARGETED_DEVICE_FAMILY = "1,2,7";
				TEST_HOST = "$(BUILT_PRODUCTS_DIR)/msak-ios-tester.app/$(BUNDLE_EXECUTABLE_FOLDER_PATH)/msak-ios-tester";
				XROS_DEPLOYMENT_TARGET = 2.5;
			};
			name = Release;
		};
		1F70C0E42E671A5200A7FC72 /* Debug */ = {
			isa = XCBuildConfiguration;
			buildSettings = {
				CODE_SIGN_STYLE = Automatic;
				CURRENT_PROJECT_VERSION = 1;
				GENERATE_INFOPLIST_FILE = YES;
				IPHONEOS_DEPLOYMENT_TARGET = 18.5;
				MACOSX_DEPLOYMENT_TARGET = 15.5;
				MARKETING_VERSION = 1.0;
				PRODUCT_BUNDLE_IDENTIFIER = "edu.gatech.cc.msak-ios-testerUITests";
				PRODUCT_NAME = "$(TARGET_NAME)";
				SDKROOT = auto;
				SUPPORTED_PLATFORMS = "iphoneos iphonesimulator macosx xros xrsimulator";
				SWIFT_EMIT_LOC_STRINGS = NO;
				SWIFT_VERSION = 5.0;
				TARGETED_DEVICE_FAMILY = "1,2,7";
				TEST_TARGET_NAME = "msak-ios-tester";
				XROS_DEPLOYMENT_TARGET = 2.5;
			};
			name = Debug;
		};
		1F70C0E52E671A5200A7FC72 /* Release */ = {
			isa = XCBuildConfiguration;
			buildSettings = {
				CODE_SIGN_STYLE = Automatic;
				CURRENT_PROJECT_VERSION = 1;
				GENERATE_INFOPLIST_FILE = YES;
				IPHONEOS_DEPLOYMENT_TARGET = 18.5;
				MACOSX_DEPLOYMENT_TARGET = 15.5;
				MARKETING_VERSION = 1.0;
				PRODUCT_BUNDLE_IDENTIFIER = "edu.gatech.cc.msak-ios-testerUITests";
				PRODUCT_NAME = "$(TARGET_NAME)";
				SDKROOT = auto;
				SUPPORTED_PLATFORMS = "iphoneos iphonesimulator macosx xros xrsimulator";
				SWIFT_EMIT_LOC_STRINGS = NO;
				SWIFT_VERSION = 5.0;
				TARGETED_DEVICE_FAMILY = "1,2,7";
				TEST_TARGET_NAME = "msak-ios-tester";
				XROS_DEPLOYMENT_TARGET = 2.5;
			};
			name = Release;
		};
		A4A53AF8380E408A92C6AABF /* Debug */ = {
			isa = XCBuildConfiguration;
			buildSettings = {
			};
			name = Debug;
		};
		1ECB988A445C4B1AA2828ED7 /* Release */ = {
			isa = XCBuildConfiguration;
			buildSettings = {
			};
			name = Release;
		};
/* End XCBuildConfiguration section */

/* Begin XCConfigurationList section */
		1F70C0B62E671A5000A7FC72 /* Build configuration list for PBXProject "msak-ios-tester" */ = {
			isa = XCConfigurationList;
			buildConfigurations = (
				1F70C0DB2E671A5200A7FC72 /* Debug */,
				1F70C0DC2E671A5200A7FC72 /* Release */,
			);
			defaultConfigurationIsVisible = 0;
			defaultConfigurationName = Release;
		};
		1F70C0DD2E671A5200A7FC72 /* Build configuration list for PBXNativeTarget "msak-ios-tester" */ = {
			isa = XCConfigurationList;
			buildConfigurations = (
				1F70C0DE2E671A5200A7FC72 /* Debug */,
				1F70C0DF2E671A5200A7FC72 /* Release */,
			);
			defaultConfigurationIsVisible = 0;
			defaultConfigurationName = Release;
		};
		1F70C0E02E671A5200A7FC72 /* Build configuration list for PBXNativeTarget "msak-ios-testerTests" */ = {
			isa = XCConfigurationList;
			buildConfigurations = (
				1F70C0E12E671A5200A7FC72 /* Debug */,
				1F70C0E22E671A5200A7FC72 /* Release */,
			);
			defaultConfigurationIsVisible = 0;
			defaultConfigurationName = Release;
		};
		1F70C0E32E671A5200A7FC72 /* Build configuration list for PBXNativeTarget "msak-ios-testerUITests" */ = {
			isa = XCConfigurationList;
			buildConfigurations = (
				1F70C0E42E671A5200A7FC72 /* Debug */,
				1F70C0E52E671A5200A7FC72 /* Release */,
			);
			defaultConfigurationIsVisible = 0;
			defaultConfigurationName = Release;
		};
		E2E3EB6F4B584064B5095288 /* Build configuration list for PBXAggregateTarget "msak-shared-xcframework" */ = {
			isa = XCConfigurationList;
			buildConfigurations = (
				A4A53AF8380E408A92C6AABF /* Debug */,
				1ECB988A445C4B1AA2828ED7 /* Release */,
			);
			defaultConfigurationIsVisible = 0;
			defaultConfigurationName = Release;
		};
/* End XCConfigurationList section */
	};
	rootObject = 1F70C0B32E671A5000A7FC72 /* Project object */;
}
